
Microsoft Visual Studio Solution File, Format Version 12.00
# Visual Studio Version 17
VisualStudioVersion = 17.11.35222.181
MinimumVisualStudioVersion = 10.0.40219.1
Project("{FAE04EC0-301F-11D3-BF4B-00C04F79EFBC}") = "C#_Demo", "C#_Demo\C#_Demo.csproj", "{DEDAE264-421C-48A6-B2D9-A98BC04E6B23}"
EndProject
Global
	GlobalSection(SolutionConfigurationPlatforms) = preSolution
		Debug|Any CPU = Debug|Any CPU
		Release|Any CPU = Release|Any CPU
	EndGlobalSection
	GlobalSection(ProjectConfigurationPlatforms) = postSolution
		{DEDAE264-421C-48A6-B2D9-A98BC04E6B23}.Debug|Any CPU.ActiveCfg = Debug|Any CPU
		{DEDAE264-421C-48A6-B2D9-A98BC04E6B23}.Debug|Any CPU.Build.0 = Debug|Any CPU
		{DEDAE264-421C-48A6-B2D9-A98BC04E6B23}.Release|Any CPU.ActiveCfg = Release|Any CPU
		{DEDAE264-421C-48A6-B2D9-A98BC04E6B23}.Release|Any CPU.Build.0 = Release|Any CPU
	EndGlobalSection
	GlobalSection(SolutionProperties) = preSolution
		HideSolutionNode = FALSE
	EndGlobalSection
	GlobalSection(ExtensibilityGlobals) = postSolution
		SolutionGuid = {B6C95CF6-520D-4F98-87AC-ADC3580910ED}
	EndGlobalSection
EndGlobal
